
Microsoft Visual Studio Solution File, Format Version 12.00
# Visual Studio 15
VisualStudioVersion = 15.0.26730.16
MinimumVisualStudioVersion = 10.0.40219.1
Project("{8BC9CEB8-8B4A-11D0-8D11-00A0C91BC942}") = "gobang_ai", "gobang_ai\gobang_ai.vcxproj", "{A0A38DC0-6DA7-405E-B058-69781E35F2B1}"
EndProject
Global
	GlobalSection(SolutionConfigurationPlatforms) = preSolution
		Debug|x64 = Debug|x64
		Debug|x86 = Debug|x86
		Release|x64 = Release|x64
		Release|x86 = Release|x86
	EndGlobalSection
	GlobalSection(ProjectConfigurationPlatforms) = postSolution
		{A0A38DC0-6DA7-405E-B058-69781E35F2B1}.Debug|x64.ActiveCfg = Debug|x64
		{A0A38DC0-6DA7-405E-B058-69781E35F2B1}.Debug|x64.Build.0 = Debug|x64
		{A0A38DC0-6DA7-405E-B058-69781E35F2B1}.Debug|x86.ActiveCfg = Debug|Win32
		{A0A38DC0-6DA7-405E-B058-69781E35F2B1}.Debug|x86.Build.0 = Debug|Win32
		{A0A38DC0-6DA7-405E-B058-69781E35F2B1}.Release|x64.ActiveCfg = Release|x64
		{A0A38DC0-6DA7-405E-B058-69781E35F2B1}.Release|x64.Build.0 = Release|x64
		{A0A38DC0-6DA7-405E-B058-69781E35F2B1}.Release|x86.ActiveCfg = Release|Win32
		{A0A38DC0-6DA7-405E-B058-69781E35F2B1}.Release|x86.Build.0 = Release|Win32
	EndGlobalSection
	GlobalSection(SolutionProperties) = preSolution
		HideSolutionNode = FALSE
	EndGlobalSection
	GlobalSection(ExtensibilityGlobals) = postSolution
		SolutionGuid = {8EA87E66-E591-471A-AF91-FAC7E27EA5E7}
	EndGlobalSection
EndGlobal
